
Microsoft Visual Studio Solution File, Format Version 12.00
# Visual Studio 2017
Project("{FAE04EC0-301F-11D3-BF4B-00C04F79EFBC}") = "Procedural Terrain Generators", "Procedural Terrain Generators.csproj", "{B4410439-E486-5C30-8FE6-56694333E989}"
EndProject
Project("{FAE04EC0-301F-11D3-BF4B-00C04F79EFBC}") = "Procedural Terrain Generators.Editor", "Procedural Terrain Generators.Editor.csproj", "{622BAF7A-6447-9653-32C2-02007D0E93A2}"
EndProject
Global
	GlobalSection(SolutionConfigurationPlatforms) = preSolution
		Debug|Any CPU = Debug|Any CPU
		Release|Any CPU = Release|Any CPU
	EndGlobalSection
	GlobalSection(ProjectConfigurationPlatforms) = postSolution
		{B4410439-E486-5C30-8FE6-56694333E989}.Debug|Any CPU.ActiveCfg = Debug|Any CPU
		{B4410439-E486-5C30-8FE6-56694333E989}.Debug|Any CPU.Build.0 = Debug|Any CPU
		{B4410439-E486-5C30-8FE6-56694333E989}.Release|Any CPU.ActiveCfg = Release|Any CPU
		{B4410439-E486-5C30-8FE6-56694333E989}.Release|Any CPU.Build.0 = Release|Any CPU
		{622BAF7A-6447-9653-32C2-02007D0E93A2}.Debug|Any CPU.ActiveCfg = Debug|Any CPU
		{622BAF7A-6447-9653-32C2-02007D0E93A2}.Debug|Any CPU.Build.0 = Debug|Any CPU
		{622BAF7A-6447-9653-32C2-02007D0E93A2}.Release|Any CPU.ActiveCfg = Release|Any CPU
		{622BAF7A-6447-9653-32C2-02007D0E93A2}.Release|Any CPU.Build.0 = Release|Any CPU
	EndGlobalSection
	GlobalSection(SolutionProperties) = preSolution
		HideSolutionNode = FALSE
	EndGlobalSection
EndGlobal
